// !$*UTF8*$!
{
	archiveVersion = 1;
	classes = {
	};
	objectVersion = 48;
	objects = {

/* Begin PBXBuildFile section */
		9E857F95201D9EAF00DC6CFE /* AppDelegate.m in Sources */ = {isa = PBXBuildFile; fileRef = 9E857F94201D9EAF00DC6CFE /* AppDelegate.m */; };
		9E857F98201D9EAF00DC6CFE /* ViewController.m in Sources */ = {isa = PBXBuildFile; fileRef = 9E857F97201D9EAF00DC6CFE /* ViewController.m */; };
		9E857F9B201D9EAF00DC6CFE /* Main.storyboard in Resources */ = {isa = PBXBuildFile; fileRef = 9E857F99201D9EAF00DC6CFE /* Main.storyboard */; };
		9E857F9D201D9EAF00DC6CFE /* Assets.xcassets in Resources */ = {isa = PBXBuildFile; fileRef = 9E857F9C201D9EAF00DC6CFE /* Assets.xcassets */; };
		9E857FA0201D9EAF00DC6CFE /* LaunchScreen.storyboard in Resources */ = {isa = PBXBuildFile; fileRef = 9E857F9E201D9EAF00DC6CFE /* LaunchScreen.storyboard */; };
		9E857FA3201D9EAF00DC6CFE /* main.m in Sources */ = {isa = PBXBuildFile; fileRef = 9E857FA2201D9EAF00DC6CFE /* main.m */; };
		9E85801C201D9F0E00DC6CFE /* GCDAsyncSocket.m in Sources */ = {isa = PBXBuildFile; fileRef = 9E857FEE201D9F0E00DC6CFE /* GCDAsyncSocket.m */; };
		9E85801E201D9F0E00DC6CFE /* HTTPErrorResponse.m in Sources */ = {isa = PBXBuildFile; fileRef = 9E857FFA201D9F0E00DC6CFE /* HTTPErrorResponse.m */; };
		9E85801F201D9F0E00DC6CFE /* HTTPDataResponse.m in Sources */ = {isa = PBXBuildFile; fileRef = 9E857FFB201D9F0E00DC6CFE /* HTTPDataResponse.m */; };
		9E858020201D9F0E00DC6CFE /* HTTPDynamicFileResponse.m in Sources */ = {isa = PBXBuildFile; fileRef = 9E857FFD201D9F0E00DC6CFE /* HTTPDynamicFileResponse.m */; };
		9E858021201D9F0E00DC6CFE /* HTTPFileResponse.m in Sources */ = {isa = PBXBuildFile; fileRef = 9E857FFE201D9F0E00DC6CFE /* HTTPFileResponse.m */; };
		9E858022201D9F0E00DC6CFE /* HTTPAsyncFileResponse.m in Sources */ = {isa = PBXBuildFile; fileRef = 9E857FFF201D9F0E00DC6CFE /* HTTPAsyncFileResponse.m */; };
		9E858023201D9F0E00DC6CFE /* HTTPRedirectResponse.m in Sources */ = {isa = PBXBuildFile; fileRef = 9E858000201D9F0E00DC6CFE /* HTTPRedirectResponse.m */; };
		9E858024201D9F0E00DC6CFE /* HTTPMessage.m in Sources */ = {isa = PBXBuildFile; fileRef = 9E858006201D9F0E00DC6CFE /* HTTPMessage.m */; };
		9E858025201D9F0E00DC6CFE /* HTTPConnection.m in Sources */ = {isa = PBXBuildFile; fileRef = 9E858007201D9F0E00DC6CFE /* HTTPConnection.m */; };
		9E858026201D9F0E00DC6CFE /* WebSocket.m in Sources */ = {isa = PBXBuildFile; fileRef = 9E858008201D9F0E00DC6CFE /* WebSocket.m */; };
		9E858027201D9F0E00DC6CFE /* HTTPAuthenticationRequest.m in Sources */ = {isa = PBXBuildFile; fileRef = 9E85800A201D9F0E00DC6CFE /* HTTPAuthenticationRequest.m */; };
		9E858028201D9F0E00DC6CFE /* DDNumber.m in Sources */ = {isa = PBXBuildFile; fileRef = 9E85800C201D9F0E00DC6CFE /* DDNumber.m */; };
		9E858029201D9F0E00DC6CFE /* DDData.m in Sources */ = {isa = PBXBuildFile; fileRef = 9E85800D201D9F0E00DC6CFE /* DDData.m */; };
		9E85802A201D9F0E00DC6CFE /* DDRange.m in Sources */ = {isa = PBXBuildFile; fileRef = 9E858010201D9F0E00DC6CFE /* DDRange.m */; };
		9E85802C201D9F0E00DC6CFE /* DDTTYLogger.m in Sources */ = {isa = PBXBuildFile; fileRef = 9E858014201D9F0E00DC6CFE /* DDTTYLogger.m */; };
		9E85802D201D9F0E00DC6CFE /* DDASLLogger.m in Sources */ = {isa = PBXBuildFile; fileRef = 9E858016201D9F0E00DC6CFE /* DDASLLogger.m */; };
		9E85802E201D9F0E00DC6CFE /* DDLog.m in Sources */ = {isa = PBXBuildFile; fileRef = 9E858018201D9F0E00DC6CFE /* DDLog.m */; };
		9E85802F201D9F0E00DC6CFE /* DDFileLogger.m in Sources */ = {isa = PBXBuildFile; fileRef = 9E85801A201D9F0E00DC6CFE /* DDFileLogger.m */; };
		9E858034201D9F7900DC6CFE /* HTTPServer.m in Sources */ = {isa = PBXBuildFile; fileRef = 9E858033201D9F7900DC6CFE /* HTTPServer.m */; };
		9E858037201DA02100DC6CFE /* YDHTTPConnection.m in Sources */ = {isa = PBXBuildFile; fileRef = 9E858036201DA02100DC6CFE /* YDHTTPConnection.m */; };
		9E858040201DA13500DC6CFE /* Web in Resources */ = {isa = PBXBuildFile; fileRef = 9E85803F201DA13500DC6CFE /* Web */; };
		9E858043201DA26400DC6CFE /* localhost.p12 in Resources */ = {isa = PBXBuildFile; fileRef = 9E858042201DA26400DC6CFE /* localhost.p12 */; };
/* End PBXBuildFile section */

/* Begin PBXFileReference section */
		9E857F90201D9EAF00DC6CFE /* LocalHTTPServer.app */ = {isa = PBXFileReference; explicitFileType = wrapper.application; includeInIndex = 0; path = LocalHTTPServer.app; sourceTree = BUILT_PRODUCTS_DIR; };
		9E857F93201D9EAF00DC6CFE /* AppDelegate.h */ = {isa = PBXFileReference; lastKnownFileType = sourcecode.c.h; path = AppDelegate.h; sourceTree = "<group>"; };
		9E857F94201D9EAF00DC6CFE /* AppDelegate.m */ = {isa = PBXFileReference; lastKnownFileType = sourcecode.c.objc; path = AppDelegate.m; sourceTree = "<group>"; };
		9E857F96201D9EAF00DC6CFE /* ViewController.h */ = {isa = PBXFileReference; lastKnownFileType = sourcecode.c.h; path = ViewController.h; sourceTree = "<group>"; };
		9E857F97201D9EAF00DC6CFE /* ViewController.m */ = {isa = PBXFileReference; lastKnownFileType = sourcecode.c.objc; path = ViewController.m; sourceTree = "<group>"; };
		9E857F9A201D9EAF00DC6CFE /* Base */ = {isa = PBXFileReference; lastKnownFileType = file.storyboard; name = Base; path = Base.lproj/Main.storyboard; sourceTree = "<group>"; };
		9E857F9C201D9EAF00DC6CFE /* Assets.xcassets */ = {isa = PBXFileReference; lastKnownFileType = folder.assetcatalog; path = Assets.xcassets; sourceTree = "<group>"; };
		9E857F9F201D9EAF00DC6CFE /* Base */ = {isa = PBXFileReference; lastKnownFileType = file.storyboard; name = Base; path = Base.lproj/LaunchScreen.storyboard; sourceTree = "<group>"; };
		9E857FA1201D9EAF00DC6CFE /* Info.plist */ = {isa = PBXFileReference; lastKnownFileType = text.plist.xml; path = Info.plist; sourceTree = "<group>"; };
		9E857FA2201D9EAF00DC6CFE /* main.m */ = {isa = PBXFileReference; lastKnownFileType = sourcecode.c.objc; path = main.m; sourceTree = "<group>"; };
		9E857FEE201D9F0E00DC6CFE /* GCDAsyncSocket.m */ = {isa = PBXFileReference; fileEncoding = 4; lastKnownFileType = sourcecode.c.objc; path = GCDAsyncSocket.m; sourceTree = "<group>"; };
		9E857FEF201D9F0E00DC6CFE /* GCDAsyncSocket.h */ = {isa = PBXFileReference; fileEncoding = 4; lastKnownFileType = sourcecode.c.h; path = GCDAsyncSocket.h; sourceTree = "<group>"; };
		9E857FF1201D9F0E00DC6CFE /* HTTPConnection.h */ = {isa = PBXFileReference; fileEncoding = 4; lastKnownFileType = sourcecode.c.h; path = HTTPConnection.h; sourceTree = "<group>"; };
		9E857FF2201D9F0E00DC6CFE /* HTTPLogging.h */ = {isa = PBXFileReference; fileEncoding = 4; lastKnownFileType = sourcecode.c.h; path = HTTPLogging.h; sourceTree = "<group>"; };
		9E857FF3201D9F0E00DC6CFE /* HTTPMessage.h */ = {isa = PBXFileReference; fileEncoding = 4; lastKnownFileType = sourcecode.c.h; path = HTTPMessage.h; sourceTree = "<group>"; };
		9E857FF4201D9F0E00DC6CFE /* WebSocket.h */ = {isa = PBXFileReference; fileEncoding = 4; lastKnownFileType = sourcecode.c.h; path = WebSocket.h; sourceTree = "<group>"; };
		9E857FF5201D9F0E00DC6CFE /* HTTPAuthenticationRequest.h */ = {isa = PBXFileReference; fileEncoding = 4; lastKnownFileType = sourcecode.c.h; path = HTTPAuthenticationRequest.h; sourceTree = "<group>"; };
		9E857FF9201D9F0E00DC6CFE /* HTTPAsyncFileResponse.h */ = {isa = PBXFileReference; fileEncoding = 4; lastKnownFileType = sourcecode.c.h; path = HTTPAsyncFileResponse.h; sourceTree = "<group>"; };
		9E857FFA201D9F0E00DC6CFE /* HTTPErrorResponse.m */ = {isa = PBXFileReference; fileEncoding = 4; lastKnownFileType = sourcecode.c.objc; path = HTTPErrorResponse.m; sourceTree = "<group>"; };
		9E857FFB201D9F0E00DC6CFE /* HTTPDataResponse.m */ = {isa = PBXFileReference; fileEncoding = 4; lastKnownFileType = sourcecode.c.objc; path = HTTPDataResponse.m; sourceTree = "<group>"; };
		9E857FFC201D9F0E00DC6CFE /* HTTPRedirectResponse.h */ = {isa = PBXFileReference; fileEncoding = 4; lastKnownFileType = sourcecode.c.h; path = HTTPRedirectResponse.h; sourceTree = "<group>"; };
		9E857FFD201D9F0E00DC6CFE /* HTTPDynamicFileResponse.m */ = {isa = PBXFileReference; fileEncoding = 4; lastKnownFileType = sourcecode.c.objc; path = HTTPDynamicFileResponse.m; sourceTree = "<group>"; };
		9E857FFE201D9F0E00DC6CFE /* HTTPFileResponse.m */ = {isa = PBXFileReference; fileEncoding = 4; lastKnownFileType = sourcecode.c.objc; path = HTTPFileResponse.m; sourceTree = "<group>"; };
		9E857FFF201D9F0E00DC6CFE /* HTTPAsyncFileResponse.m */ = {isa = PBXFileReference; fileEncoding = 4; lastKnownFileType = sourcecode.c.objc; path = HTTPAsyncFileResponse.m; sourceTree = "<group>"; };
		9E858000201D9F0E00DC6CFE /* HTTPRedirectResponse.m */ = {isa = PBXFileReference; fileEncoding = 4; lastKnownFileType = sourcecode.c.objc; path = HTTPRedirectResponse.m; sourceTree = "<group>"; };
		9E858001201D9F0E00DC6CFE /* HTTPDataResponse.h */ = {isa = PBXFileReference; fileEncoding = 4; lastKnownFileType = sourcecode.c.h; path = HTTPDataResponse.h; sourceTree = "<group>"; };
		9E858002201D9F0E00DC6CFE /* HTTPErrorResponse.h */ = {isa = PBXFileReference; fileEncoding = 4; lastKnownFileType = sourcecode.c.h; path = HTTPErrorResponse.h; sourceTree = "<group>"; };
		9E858003201D9F0E00DC6CFE /* HTTPFileResponse.h */ = {isa = PBXFileReference; fileEncoding = 4; lastKnownFileType = sourcecode.c.h; path = HTTPFileResponse.h; sourceTree = "<group>"; };
		9E858004201D9F0E00DC6CFE /* HTTPDynamicFileResponse.h */ = {isa = PBXFileReference; fileEncoding = 4; lastKnownFileType = sourcecode.c.h; path = HTTPDynamicFileResponse.h; sourceTree = "<group>"; };
		9E858006201D9F0E00DC6CFE /* HTTPMessage.m */ = {isa = PBXFileReference; fileEncoding = 4; lastKnownFileType = sourcecode.c.objc; path = HTTPMessage.m; sourceTree = "<group>"; };
		9E858007201D9F0E00DC6CFE /* HTTPConnection.m */ = {isa = PBXFileReference; fileEncoding = 4; lastKnownFileType = sourcecode.c.objc; path = HTTPConnection.m; sourceTree = "<group>"; };
		9E858008201D9F0E00DC6CFE /* WebSocket.m */ = {isa = PBXFileReference; fileEncoding = 4; lastKnownFileType = sourcecode.c.objc; path = WebSocket.m; sourceTree = "<group>"; };
		9E858009201D9F0E00DC6CFE /* HTTPResponse.h */ = {isa = PBXFileReference; fileEncoding = 4; lastKnownFileType = sourcecode.c.h; path = HTTPResponse.h; sourceTree = "<group>"; };
		9E85800A201D9F0E00DC6CFE /* HTTPAuthenticationRequest.m */ = {isa = PBXFileReference; fileEncoding = 4; lastKnownFileType = sourcecode.c.objc; path = HTTPAuthenticationRequest.m; sourceTree = "<group>"; };
		9E85800C201D9F0E00DC6CFE /* DDNumber.m */ = {isa = PBXFileReference; fileEncoding = 4; lastKnownFileType = sourcecode.c.objc; path = DDNumber.m; sourceTree = "<group>"; };
		9E85800D201D9F0E00DC6CFE /* DDData.m */ = {isa = PBXFileReference; fileEncoding = 4; lastKnownFileType = sourcecode.c.objc; path = DDData.m; sourceTree = "<group>"; };
		9E85800E201D9F0E00DC6CFE /* DDRange.h */ = {isa = PBXFileReference; fileEncoding = 4; lastKnownFileType = sourcecode.c.h; path = DDRange.h; sourceTree = "<group>"; };
		9E85800F201D9F0E00DC6CFE /* DDNumber.h */ = {isa = PBXFileReference; fileEncoding = 4; lastKnownFileType = sourcecode.c.h; path = DDNumber.h; sourceTree = "<group>"; };
		9E858010201D9F0E00DC6CFE /* DDRange.m */ = {isa = PBXFileReference; fileEncoding = 4; lastKnownFileType = sourcecode.c.objc; path = DDRange.m; sourceTree = "<group>"; };
		9E858011201D9F0E00DC6CFE /* DDData.h */ = {isa = PBXFileReference; fileEncoding = 4; lastKnownFileType = sourcecode.c.h; path = DDData.h; sourceTree = "<group>"; };
		9E858014201D9F0E00DC6CFE /* DDTTYLogger.m */ = {isa = PBXFileReference; fileEncoding = 4; lastKnownFileType = sourcecode.c.objc; path = DDTTYLogger.m; sourceTree = "<group>"; };
		9E858015201D9F0E00DC6CFE /* DDLog.h */ = {isa = PBXFileReference; fileEncoding = 4; lastKnownFileType = sourcecode.c.h; path = DDLog.h; sourceTree = "<group>"; };
		9E858016201D9F0E00DC6CFE /* DDASLLogger.m */ = {isa = PBXFileReference; fileEncoding = 4; lastKnownFileType = sourcecode.c.objc; path = DDASLLogger.m; sourceTree = "<group>"; };
		9E858017201D9F0E00DC6CFE /* DDFileLogger.h */ = {isa = PBXFileReference; fileEncoding = 4; lastKnownFileType = sourcecode.c.h; path = DDFileLogger.h; sourceTree = "<group>"; };
		9E858018201D9F0E00DC6CFE /* DDLog.m */ = {isa = PBXFileReference; fileEncoding = 4; lastKnownFileType = sourcecode.c.objc; path = DDLog.m; sourceTree = "<group>"; };
		9E858019201D9F0E00DC6CFE /* DDTTYLogger.h */ = {isa = PBXFileReference; fileEncoding = 4; lastKnownFileType = sourcecode.c.h; path = DDTTYLogger.h; sourceTree = "<group>"; };
		9E85801A201D9F0E00DC6CFE /* DDFileLogger.m */ = {isa = PBXFileReference; fileEncoding = 4; lastKnownFileType = sourcecode.c.objc; path = DDFileLogger.m; sourceTree = "<group>"; };
		9E85801B201D9F0E00DC6CFE /* DDASLLogger.h */ = {isa = PBXFileReference; fileEncoding = 4; lastKnownFileType = sourcecode.c.h; path = DDASLLogger.h; sourceTree = "<group>"; };
		9E858032201D9F7900DC6CFE /* HTTPServer.h */ = {isa = PBXFileReference; lastKnownFileType = sourcecode.c.h; path = HTTPServer.h; sourceTree = "<group>"; };
		9E858033201D9F7900DC6CFE /* HTTPServer.m */ = {isa = PBXFileReference; lastKnownFileType = sourcecode.c.objc; path = HTTPServer.m; sourceTree = "<group>"; };
		9E858035201DA02100DC6CFE /* YDHTTPConnection.h */ = {isa = PBXFileReference; fileEncoding = 4; lastKnownFileType = sourcecode.c.h; path = YDHTTPConnection.h; sourceTree = "<group>"; };
		9E858036201DA02100DC6CFE /* YDHTTPConnection.m */ = {isa = PBXFileReference; fileEncoding = 4; lastKnownFileType = sourcecode.c.objc; path = YDHTTPConnection.m; sourceTree = "<group>"; };
		9E85803F201DA13500DC6CFE /* Web */ = {isa = PBXFileReference; lastKnownFileType = folder; path = Web; sourceTree = "<group>"; };
		9E858042201DA26400DC6CFE /* localhost.p12 */ = {isa = PBXFileReference; lastKnownFileType = file; path = localhost.p12; sourceTree = "<group>"; };
/* End PBXFileReference section */

/* Begin PBXFrameworksBuildPhase section */
		9E857F8D201D9EAF00DC6CFE /* Frameworks */ = {
			isa = PBXFrameworksBuildPhase;
			buildActionMask = 2147483647;
			files = (
			);
			runOnlyForDeploymentPostprocessing = 0;
		};
/* End PBXFrameworksBuildPhase section */

/* Begin PBXGroup section */
		9E857F87201D9EAF00DC6CFE = {
			isa = PBXGroup;
			children = (
				9E857F92201D9EAF00DC6CFE /* LocalHTTPServer */,
				9E857F91201D9EAF00DC6CFE /* Products */,
			);
			sourceTree = "<group>";
		};
		9E857F91201D9EAF00DC6CFE /* Products */ = {
			isa = PBXGroup;
			children = (
				9E857F90201D9EAF00DC6CFE /* LocalHTTPServer.app */,
			);
			name = Products;
			sourceTree = "<group>";
		};
		9E857F92201D9EAF00DC6CFE /* LocalHTTPServer */ = {
			isa = PBXGroup;
			children = (
				9E857F93201D9EAF00DC6CFE /* AppDelegate.h */,
				9E857F94201D9EAF00DC6CFE /* AppDelegate.m */,
				9E857F96201D9EAF00DC6CFE /* ViewController.h */,
				9E857F97201D9EAF00DC6CFE /* ViewController.m */,
				9E858035201DA02100DC6CFE /* YDHTTPConnection.h */,
				9E858036201DA02100DC6CFE /* YDHTTPConnection.m */,
				9E857FA9201D9EF300DC6CFE /* Libs */,
				9E85803E201DA11900DC6CFE /* Resource */,
				9E857F99201D9EAF00DC6CFE /* Main.storyboard */,
				9E857F9C201D9EAF00DC6CFE /* Assets.xcassets */,
				9E857F9E201D9EAF00DC6CFE /* LaunchScreen.storyboard */,
				9E857FA1201D9EAF00DC6CFE /* Info.plist */,
				9E857FA2201D9EAF00DC6CFE /* main.m */,
			);
			path = LocalHTTPServer;
			sourceTree = "<group>";
		};
		9E857FA9201D9EF300DC6CFE /* Libs */ = {
			isa = PBXGroup;
			children = (
				9E857FF0201D9F0E00DC6CFE /* HTTP */,
				9E858013201D9F0E00DC6CFE /* Logging */,
				9E857FED201D9F0E00DC6CFE /* TCP */,
			);
			path = Libs;
			sourceTree = "<group>";
		};
		9E857FED201D9F0E00DC6CFE /* TCP */ = {
			isa = PBXGroup;
			children = (
				9E857FEF201D9F0E00DC6CFE /* GCDAsyncSocket.h */,
				9E857FEE201D9F0E00DC6CFE /* GCDAsyncSocket.m */,
			);
			path = TCP;
			sourceTree = "<group>";
		};
		9E857FF0201D9F0E00DC6CFE /* HTTP */ = {
			isa = PBXGroup;
			children = (
				9E858032201D9F7900DC6CFE /* HTTPServer.h */,
				9E858033201D9F7900DC6CFE /* HTTPServer.m */,
				9E857FF4201D9F0E00DC6CFE /* WebSocket.h */,
				9E858008201D9F0E00DC6CFE /* WebSocket.m */,
				9E857FF1201D9F0E00DC6CFE /* HTTPConnection.h */,
				9E858007201D9F0E00DC6CFE /* HTTPConnection.m */,
				9E857FF3201D9F0E00DC6CFE /* HTTPMessage.h */,
				9E858006201D9F0E00DC6CFE /* HTTPMessage.m */,
				9E857FF5201D9F0E00DC6CFE /* HTTPAuthenticationRequest.h */,
				9E85800A201D9F0E00DC6CFE /* HTTPAuthenticationRequest.m */,
				9E857FF2201D9F0E00DC6CFE /* HTTPLogging.h */,
				9E858009201D9F0E00DC6CFE /* HTTPResponse.h */,
				9E857FF8201D9F0E00DC6CFE /* Responses */,
				9E85800B201D9F0E00DC6CFE /* Categories */,
			);
			path = HTTP;
			sourceTree = "<group>";
		};
		9E857FF8201D9F0E00DC6CFE /* Responses */ = {
			isa = PBXGroup;
			children = (
				9E857FF9201D9F0E00DC6CFE /* HTTPAsyncFileResponse.h */,
				9E857FFF201D9F0E00DC6CFE /* HTTPAsyncFileResponse.m */,
				9E858001201D9F0E00DC6CFE /* HTTPDataResponse.h */,
				9E857FFB201D9F0E00DC6CFE /* HTTPDataResponse.m */,
				9E858004201D9F0E00DC6CFE /* HTTPDynamicFileResponse.h */,
				9E857FFD201D9F0E00DC6CFE /* HTTPDynamicFileResponse.m */,
				9E858003201D9F0E00DC6CFE /* HTTPFileResponse.h */,
				9E857FFE201D9F0E00DC6CFE /* HTTPFileResponse.m */,
				9E857FFC201D9F0E00DC6CFE /* HTTPRedirectResponse.h */,
				9E858000201D9F0E00DC6CFE /* HTTPRedirectResponse.m */,
				9E858002201D9F0E00DC6CFE /* HTTPErrorResponse.h */,
				9E857FFA201D9F0E00DC6CFE /* HTTPErrorResponse.m */,
			);
			path = Responses;
			sourceTree = "<group>";
		};
		9E85800B201D9F0E00DC6CFE /* Categories */ = {
			isa = PBXGroup;
			children = (
				9E85800F201D9F0E00DC6CFE /* DDNumber.h */,
				9E85800C201D9F0E00DC6CFE /* DDNumber.m */,
				9E858011201D9F0E00DC6CFE /* DDData.h */,
				9E85800D201D9F0E00DC6CFE /* DDData.m */,
				9E85800E201D9F0E00DC6CFE /* DDRange.h */,
				9E858010201D9F0E00DC6CFE /* DDRange.m */,
			);
			path = Categories;
			sourceTree = "<group>";
		};
		9E858013201D9F0E00DC6CFE /* Logging */ = {
			isa = PBXGroup;
			children = (
				9E858015201D9F0E00DC6CFE /* DDLog.h */,
				9E858018201D9F0E00DC6CFE /* DDLog.m */,
				9E858017201D9F0E00DC6CFE /* DDFileLogger.h */,
				9E85801A201D9F0E00DC6CFE /* DDFileLogger.m */,
				9E858019201D9F0E00DC6CFE /* DDTTYLogger.h */,
				9E858014201D9F0E00DC6CFE /* DDTTYLogger.m */,
				9E85801B201D9F0E00DC6CFE /* DDASLLogger.h */,
				9E858016201D9F0E00DC6CFE /* DDASLLogger.m */,
			);
			path = Logging;
			sourceTree = "<group>";
		};
		9E85803E201DA11900DC6CFE /* Resource */ = {
			isa = PBXGroup;
			children = (
				9E858042201DA26400DC6CFE /* localhost.p12 */,
				9E85803F201DA13500DC6CFE /* Web */,
			);
			path = Resource;
			sourceTree = "<group>";
		};
/* End PBXGroup section */

/* Begin PBXNativeTarget section */
		9E857F8F201D9EAF00DC6CFE /* LocalHTTPServer */ = {
			isa = PBXNativeTarget;
			buildConfigurationList = 9E857FA6201D9EAF00DC6CFE /* Build configuration list for PBXNativeTarget "LocalHTTPServer" */;
			buildPhases = (
				9E857F8C201D9EAF00DC6CFE /* Sources */,
				9E857F8D201D9EAF00DC6CFE /* Frameworks */,
				9E857F8E201D9EAF00DC6CFE /* Resources */,
			);
			buildRules = (
			);
			dependencies = (
			);
			name = LocalHTTPServer;
			productName = LocalHTTPServer;
			productReference = 9E857F90201D9EAF00DC6CFE /* LocalHTTPServer.app */;
			productType = "com.apple.product-type.application";
		};
/* End PBXNativeTarget section */

/* Begin PBXProject section */
		9E857F88201D9EAF00DC6CFE /* Project object */ = {
			isa = PBXProject;
			attributes = {
				LastUpgradeCheck = 0920;
				TargetAttributes = {
					9E857F8F201D9EAF00DC6CFE = {
						CreatedOnToolsVersion = 9.2;
						ProvisioningStyle = Automatic;
						SystemCapabilities = {
							com.apple.BackgroundModes = {
								enabled = 1;
							};
						};
					};
				};
			};
			buildConfigurationList = 9E857F8B201D9EAF00DC6CFE /* Build configuration list for PBXProject "LocalHTTPServer" */;
			compatibilityVersion = "Xcode 8.0";
			developmentRegion = en;
			hasScannedForEncodings = 0;
			knownRegions = (
				en,
				Base,
			);
			mainGroup = 9E857F87201D9EAF00DC6CFE;
			productRefGroup = 9E857F91201D9EAF00DC6CFE /* Products */;
			projectDirPath = "";
			projectRoot = "";
			targets = (
				9E857F8F201D9EAF00DC6CFE /* LocalHTTPServer */,
			);
		};
/* End PBXProject section */

/* Begin PBXResourcesBuildPhase section */
		9E857F8E201D9EAF00DC6CFE /* Resources */ = {
			isa = PBXResourcesBuildPhase;
			buildActionMask = 2147483647;
			files = (
				9E857FA0201D9EAF00DC6CFE /* LaunchScreen.storyboard in Resources */,
				9E857F9D201D9EAF00DC6CFE /* Assets.xcassets in Resources */,
				9E858043201DA26400DC6CFE /* localhost.p12 in Resources */,
				9E858040201DA13500DC6CFE /* Web in Resources */,
				9E857F9B201D9EAF00DC6CFE /* Main.storyboard in Resources */,
			);
			runOnlyForDeploymentPostprocessing = 0;
		};
/* End PBXResourcesBuildPhase section */

/* Begin PBXSourcesBuildPhase section */
		9E857F8C201D9EAF00DC6CFE /* Sources */ = {
			isa = PBXSourcesBuildPhase;
			buildActionMask = 2147483647;
			files = (
				9E85802E201D9F0E00DC6CFE /* DDLog.m in Sources */,
				9E85802F201D9F0E00DC6CFE /* DDFileLogger.m in Sources */,
				9E858026201D9F0E00DC6CFE /* WebSocket.m in Sources */,
				9E85801E201D9F0E00DC6CFE /* HTTPErrorResponse.m in Sources */,
				9E858034201D9F7900DC6CFE /* HTTPServer.m in Sources */,
				9E85802A201D9F0E00DC6CFE /* DDRange.m in Sources */,
				9E85802D201D9F0E00DC6CFE /* DDASLLogger.m in Sources */,
				9E85801C201D9F0E00DC6CFE /* GCDAsyncSocket.m in Sources */,
				9E858027201D9F0E00DC6CFE /* HTTPAuthenticationRequest.m in Sources */,
				9E85801F201D9F0E00DC6CFE /* HTTPDataResponse.m in Sources */,
				9E858029201D9F0E00DC6CFE /* DDData.m in Sources */,
				9E857F98201D9EAF00DC6CFE /* ViewController.m in Sources */,
				9E858021201D9F0E00DC6CFE /* HTTPFileResponse.m in Sources */,
				9E857FA3201D9EAF00DC6CFE /* main.m in Sources */,
				9E858028201D9F0E00DC6CFE /* DDNumber.m in Sources */,
				9E858037201DA02100DC6CFE /* YDHTTPConnection.m in Sources */,
				9E858020201D9F0E00DC6CFE /* HTTPDynamicFileResponse.m in Sources */,
				9E858025201D9F0E00DC6CFE /* HTTPConnection.m in Sources */,
				9E857F95201D9EAF00DC6CFE /* AppDelegate.m in Sources */,
				9E85802C201D9F0E00DC6CFE /* DDTTYLogger.m in Sources */,
				9E858023201D9F0E00DC6CFE /* HTTPRedirectResponse.m in Sources */,
				9E858024201D9F0E00DC6CFE /* HTTPMessage.m in Sources */,
				9E858022201D9F0E00DC6CFE /* HTTPAsyncFileResponse.m in Sources */,
			);
			runOnlyForDeploymentPostprocessing = 0;
		};
/* End PBXSourcesBuildPhase section */

/* Begin PBXVariantGroup section */
		9E857F99201D9EAF00DC6CFE /* Main.storyboard */ = {
			isa = PBXVariantGroup;
			children = (
				9E857F9A201D9EAF00DC6CFE /* Base */,
			);
			name = Main.storyboard;
			sourceTree = "<group>";
		};
		9E857F9E201D9EAF00DC6CFE /* LaunchScreen.storyboard */ = {
			isa = PBXVariantGroup;
			children = (
				9E857F9F201D9EAF00DC6CFE /* Base */,
			);
			name = LaunchScreen.storyboard;
			sourceTree = "<group>";
		};
/* End PBXVariantGroup section */

/* Begin XCBuildConfiguration section */
		9E857FA4201D9EAF00DC6CFE /* Debug */ = {
			isa = XCBuildConfiguration;
			buildSettings = {
				ALWAYS_SEARCH_USER_PATHS = NO;
				CLANG_ANALYZER_NONNULL = YES;
				CLANG_ANALYZER_NUMBER_OBJECT_CONVERSION = YES_AGGRESSIVE;
				CLANG_CXX_LANGUAGE_STANDARD = "gnu++14";
				CLANG_CXX_LIBRARY = "libc++";
				CLANG_ENABLE_MODULES = YES;
				CLANG_ENABLE_OBJC_ARC = YES;
				CLANG_WARN_BLOCK_CAPTURE_AUTORELEASING = YES;
				CLANG_WARN_BOOL_CONVERSION = YES;
				CLANG_WARN_COMMA = YES;
				CLANG_WARN_CONSTANT_CONVERSION = YES;
				CLANG_WARN_DIRECT_OBJC_ISA_USAGE = YES_ERROR;
				CLANG_WARN_DOCUMENTATION_COMMENTS = YES;
				CLANG_WARN_EMPTY_BODY = YES;
				CLANG_WARN_ENUM_CONVERSION = YES;
				CLANG_WARN_INFINITE_RECURSION = YES;
				CLANG_WARN_INT_CONVERSION = YES;
				CLANG_WARN_NON_LITERAL_NULL_CONVERSION = YES;
				CLANG_WARN_OBJC_LITERAL_CONVERSION = YES;
				CLANG_WARN_OBJC_ROOT_CLASS = YES_ERROR;
				CLANG_WARN_RANGE_LOOP_ANALYSIS = YES;
				CLANG_WARN_STRICT_PROTOTYPES = YES;
				CLANG_WARN_SUSPICIOUS_MOVE = YES;
				CLANG_WARN_UNGUARDED_AVAILABILITY = YES_AGGRESSIVE;
				CLANG_WARN_UNREACHABLE_CODE = YES;
				CLANG_WARN__DUPLICATE_METHOD_MATCH = YES;
				CODE_SIGN_IDENTITY = "iPhone Developer";
				COPY_PHASE_STRIP = NO;
				DEBUG_INFORMATION_FORMAT = dwarf;
				ENABLE_STRICT_OBJC_MSGSEND = YES;
				ENABLE_TESTABILITY = YES;
				GCC_C_LANGUAGE_STANDARD = gnu11;
				GCC_DYNAMIC_NO_PIC = NO;
				GCC_NO_COMMON_BLOCKS = YES;
				GCC_OPTIMIZATION_LEVEL = 0;
				GCC_PREPROCESSOR_DEFINITIONS = (
					"DEBUG=1",
					"$(inherited)",
				);
				GCC_WARN_64_TO_32_BIT_CONVERSION = YES;
				GCC_WARN_ABOUT_RETURN_TYPE = YES_ERROR;
				GCC_WARN_UNDECLARED_SELECTOR = YES;
				GCC_WARN_UNINITIALIZED_AUTOS = YES_AGGRESSIVE;
				GCC_WARN_UNUSED_FUNCTION = YES;
				GCC_WARN_UNUSED_VARIABLE = YES;
				IPHONEOS_DEPLOYMENT_TARGET = 11.2;
				MTL_ENABLE_DEBUG_INFO = YES;
				ONLY_ACTIVE_ARCH = YES;
				SDKROOT = iphoneos;
			};
			name = Debug;
		};
		9E857FA5201D9EAF00DC6CFE /* Release */ = {
			isa = XCBuildConfiguration;
			buildSettings = {
				ALWAYS_SEARCH_USER_PATHS = NO;
				CLANG_ANALYZER_NONNULL = YES;
				CLANG_ANALYZER_NUMBER_OBJECT_CONVERSION = YES_AGGRESSIVE;
				CLANG_CXX_LANGUAGE_STANDARD = "gnu++14";
				CLANG_CXX_LIBRARY = "libc++";
				CLANG_ENABLE_MODULES = YES;
				CLANG_ENABLE_OBJC_ARC = YES;
				CLANG_WARN_BLOCK_CAPTURE_AUTORELEASING = YES;
				CLANG_WARN_BOOL_CONVERSION = YES;
				CLANG_WARN_COMMA = YES;
				CLANG_WARN_CONSTANT_CONVERSION = YES;
				CLANG_WARN_DIRECT_OBJC_ISA_USAGE = YES_ERROR;
				CLANG_WARN_DOCUMENTATION_COMMENTS = YES;
				CLANG_WARN_EMPTY_BODY = YES;
				CLANG_WARN_ENUM_CONVERSION = YES;
				CLANG_WARN_INFINITE_RECURSION = YES;
				CLANG_WARN_INT_CONVERSION = YES;
				CLANG_WARN_NON_LITERAL_NULL_CONVERSION = YES;
				CLANG_WARN_OBJC_LITERAL_CONVERSION = YES;
				CLANG_WARN_OBJC_ROOT_CLASS = YES_ERROR;
				CLANG_WARN_RANGE_LOOP_ANALYSIS = YES;
				CLANG_WARN_STRICT_PROTOTYPES = YES;
				CLANG_WARN_SUSPICIOUS_MOVE = YES;
				CLANG_WARN_UNGUARDED_AVAILABILITY = YES_AGGRESSIVE;
				CLANG_WARN_UNREACHABLE_CODE = YES;
				CLANG_WARN__DUPLICATE_METHOD_MATCH = YES;
				CODE_SIGN_IDENTITY = "iPhone Developer";
				COPY_PHASE_STRIP = NO;
				DEBUG_INFORMATION_FORMAT = "dwarf-with-dsym";
				ENABLE_NS_ASSERTIONS = NO;
				ENABLE_STRICT_OBJC_MSGSEND = YES;
				GCC_C_LANGUAGE_STANDARD = gnu11;
				GCC_NO_COMMON_BLOCKS = YES;
				GCC_WARN_64_TO_32_BIT_CONVERSION = YES;
				GCC_WARN_ABOUT_RETURN_TYPE = YES_ERROR;
				GCC_WARN_UNDECLARED_SELECTOR = YES;
				GCC_WARN_UNINITIALIZED_AUTOS = YES_AGGRESSIVE;
				GCC_WARN_UNUSED_FUNCTION = YES;
				GCC_WARN_UNUSED_VARIABLE = YES;
				IPHONEOS_DEPLOYMENT_TARGET = 11.2;
				MTL_ENABLE_DEBUG_INFO = NO;
				SDKROOT = iphoneos;
				VALIDATE_PRODUCT = YES;
			};
			name = Release;
		};
		9E857FA7201D9EAF00DC6CFE /* Debug */ = {
			isa = XCBuildConfiguration;
			buildSettings = {
				ASSETCATALOG_COMPILER_APPICON_NAME = AppIcon;
				CODE_SIGN_STYLE = Automatic;
				DEVELOPMENT_TEAM = K7R74U88R9;
				INFOPLIST_FILE = LocalHTTPServer/Info.plist;
				IPHONEOS_DEPLOYMENT_TARGET = 8.0;
				LD_RUNPATH_SEARCH_PATHS = "$(inherited) @executable_path/Frameworks";
				PRODUCT_BUNDLE_IDENTIFIER = com.herody.LocalHTTPServer;
				PRODUCT_NAME = "$(TARGET_NAME)";
				TARGETED_DEVICE_FAMILY = 1;
			};
			name = Debug;
		};
		9E857FA8201D9EAF00DC6CFE /* Release */ = {
			isa = XCBuildConfiguration;
			buildSettings = {
				ASSETCATALOG_COMPILER_APPICON_NAME = AppIcon;
				CODE_SIGN_STYLE = Automatic;
				DEVELOPMENT_TEAM = K7R74U88R9;
				INFOPLIST_FILE = LocalHTTPServer/Info.plist;
				IPHONEOS_DEPLOYMENT_TARGET = 8.0;
				LD_RUNPATH_SEARCH_PATHS = "$(inherited) @executable_path/Frameworks";
				PRODUCT_BUNDLE_IDENTIFIER = com.herody.LocalHTTPServer;
				PRODUCT_NAME = "$(TARGET_NAME)";
				TARGETED_DEVICE_FAMILY = 1;
			};
			name = Release;
		};
/* End XCBuildConfiguration section */

/* Begin XCConfigurationList section */
		9E857F8B201D9EAF00DC6CFE /* Build configuration list for PBXProject "LocalHTTPServer" */ = {
			isa = XCConfigurationList;
			buildConfigurations = (
				9E857FA4201D9EAF00DC6CFE /* Debug */,
				9E857FA5201D9EAF00DC6CFE /* Release */,
			);
			defaultConfigurationIsVisible = 0;
			defaultConfigurationName = Release;
		};
		9E857FA6201D9EAF00DC6CFE /* Build configuration list for PBXNativeTarget "LocalHTTPServer" */ = {
			isa = XCConfigurationList;
			buildConfigurations = (
				9E857FA7201D9EAF00DC6CFE /* Debug */,
				9E857FA8201D9EAF00DC6CFE /* Release */,
			);
			defaultConfigurationIsVisible = 0;
			defaultConfigurationName = Release;
		};
/* End XCConfigurationList section */
	};
	rootObject = 9E857F88201D9EAF00DC6CFE /* Project object */;
}
